github.com/Lednerb/bilberry-hugo-theme/v3 v3.24.1 h1:zf40bmmTflCWhU9knOCey6ULgvJi8lKvYcaekRYM0yM=
github.com/Lednerb/bilberry-hugo-theme/v3 v3.24.1/go.mod h1:ERTLq/0yIBb0jN0Dh+w5G4wCp9TrB0JY86+Zh+26Dkg=
gitlab.com/kaushalmodi/hugo-mwe-theme v0.1.1 h1:FyTp43CJRpBfoHyWnwQFx//cipgP6xQ9/uucj+qjj1U=
gitlab.com/kaushalmodi/hugo-mwe-theme v0.1.1/go.mod h1:vvq0r/SfKMbiPbyqL4YottSOkpCkBSosqGRm82aDNrU=
